
Microsoft Visual Studio Solution File, Format Version 12.00
# Visual Studio Version 17
VisualStudioVersion = 17.14.36408.4
MinimumVisualStudioVersion = 10.0.40219.1
Project("{FAE04EC0-301F-11D3-BF4B-00C04F79EFBC}") = "ControleDeMedicamentos.Dominio", "ControleDeMedicamentos.Dominio\ControleDeMedicamentos.Dominio.csproj", "{1E982F45-D966-42C6-A7F7-393E3A11E61B}"
EndProject
Project("{FAE04EC0-301F-11D3-BF4B-00C04F79EFBC}") = "ControleDeMedicamentos.Infraestrutura.Arquivos", "ControleDeMedicamentos.Infraestrutura.Arquivos\ControleDeMedicamentos.Infraestrutura.Arquivos.csproj", "{C1FDDEC6-13A8-41B1-9F37-CF69584669A1}"
EndProject
Project("{FAE04EC0-301F-11D3-BF4B-00C04F79EFBC}") = "ControleDeMedicamentos.WebApp", "ControleDeMedicamentos.WebApp\ControleDeMedicamentos.WebApp.csproj", "{699466CC-385D-4625-877D-5F6ED5B50545}"
EndProject
Global
	GlobalSection(SolutionConfigurationPlatforms) = preSolution
		Debug|Any CPU = Debug|Any CPU
		Release|Any CPU = Release|Any CPU
	EndGlobalSection
	GlobalSection(ProjectConfigurationPlatforms) = postSolution
		{1E982F45-D966-42C6-A7F7-393E3A11E61B}.Debug|Any CPU.ActiveCfg = Debug|Any CPU
		{1E982F45-D966-42C6-A7F7-393E3A11E61B}.Debug|Any CPU.Build.0 = Debug|Any CPU
		{1E982F45-D966-42C6-A7F7-393E3A11E61B}.Release|Any CPU.ActiveCfg = Release|Any CPU
		{1E982F45-D966-42C6-A7F7-393E3A11E61B}.Release|Any CPU.Build.0 = Release|Any CPU
		{C1FDDEC6-13A8-41B1-9F37-CF69584669A1}.Debug|Any CPU.ActiveCfg = Debug|Any CPU
		{C1FDDEC6-13A8-41B1-9F37-CF69584669A1}.Debug|Any CPU.Build.0 = Debug|Any CPU
		{C1FDDEC6-13A8-41B1-9F37-CF69584669A1}.Release|Any CPU.ActiveCfg = Release|Any CPU
		{C1FDDEC6-13A8-41B1-9F37-CF69584669A1}.Release|Any CPU.Build.0 = Release|Any CPU
		{699466CC-385D-4625-877D-5F6ED5B50545}.Debug|Any CPU.ActiveCfg = Debug|Any CPU
		{699466CC-385D-4625-877D-5F6ED5B50545}.Debug|Any CPU.Build.0 = Debug|Any CPU
		{699466CC-385D-4625-877D-5F6ED5B50545}.Release|Any CPU.ActiveCfg = Release|Any CPU
		{699466CC-385D-4625-877D-5F6ED5B50545}.Release|Any CPU.Build.0 = Release|Any CPU
	EndGlobalSection
	GlobalSection(SolutionProperties) = preSolution
		HideSolutionNode = FALSE
	EndGlobalSection
	GlobalSection(ExtensibilityGlobals) = postSolution
		SolutionGuid = {AFE63F35-8E6F-4A3B-9C01-39DF2F9F195E}
	EndGlobalSection
EndGlobal
